# This file was autogenerated by Stack.
# You should not edit this file by hand.
# For more information, please see the documentation at:
#   https://docs.haskellstack.org/en/stable/topics/lock_files

packages:
- completed:
    hackage: Unique-0.4.8.0@sha256:d2c53fd8f83aabc1a1b2694d1d78a4ecd9f3c6f741ab0f513020041cdf75b133,2155
    pantry-tree:
      sha256: 1851281cb3b750ba5dc0858af2cb7a6bb2d713226f859d4fa7e32f62ed07e396
      size: 1366
  original:
    hackage: Unique-0.4.8.0@sha256:d2c53fd8f83aabc1a1b2694d1d78a4ecd9f3c6f741ab0f513020041cdf75b133,2155
snapshots:
- completed:
    sha256: 9d4e55afd163141694680ca88998993d7156bf13cb43fe5497a4f894c6427a8b
    size: 770945
    url: https://raw.githubusercontent.com/commercialhaskell/stackage-snapshots/master/nightly/2026/8/12.yaml
  original: nightly-2026-08-12
